
Microsoft Visual Studio Solution File, Format Version 12.00
# Visual Studio Version 17
VisualStudioVersion = 17.2.32526.322
MinimumVisualStudioVersion = 10.0.40219.1
Project("{9A19103F-16F7-4668-BE54-9A1E7A4F7556}") = "Snake", "Games\Snake\Snake.csproj", "{40CE2872-89FE-4754-AB31-D8FAC79F5F0E}"
EndProject
Project("{9A19103F-16F7-4668-BE54-9A1E7A4F7556}") = "Pong", "Games\Pong\Pong.csproj", "{FDD78E7E-FBBC-40A5-BB94-2B987BF4C104}"
EndProject
Project("{9A19103F-16F7-4668-BE54-9A1E7A4F7556}") = "Tic Tac Toe", "Games\Tic Tac Toe\Tic Tac Toe.csproj", "{E44048F2-C062-4461-B768-5698FDBF21A8}"
EndProject
Project("{9A19103F-16F7-4668-BE54-9A1E7A4F7556}") = "Fishing Minigame", "Games\Fishing Minigame\Fishing Minigame.csproj", "{34C255B9-D958-4C3F-AE3E-0CA9AF7C6840}"
EndProject
Project("{9A19103F-16F7-4668-BE54-9A1E7A4F7556}") = "Rock Paper Scissors", "Games\Rock Paper Scissors\Rock Paper Scissors.csproj", "{0E392635-4EFA-435E-A708-DDEB6AA3888D}"
EndProject
Project("{9A19103F-16F7-4668-BE54-9A1E7A4F7556}") = "Thin Ice", "Games\Thin Ice\Thin Ice.csproj", "{5CDB682A-C04A-4D64-A7EA-77873884AC58}"
EndProject
Project("{9A19103F-16F7-4668-BE54-9A1E7A4F7556}") = "Minesweeeper", "Games\Minesweeeper\Minesweeeper.csproj", "{E9F50EA3-00AA-4977-9716-F64BDF0F47ED}"
EndProject
Project("{9A19103F-16F7-4668-BE54-9A1E7A4F7556}") = "Battleships", "Games\Battleships\Battleships.csproj", "{F77DEE99-4B5B-4CD1-9F6E-7B21FDC6D4CB}"
EndProject
Project("{9A19103F-16F7-4668-BE54-9A1E7A4F7556}") = "Chess", "Games\Chess\Chess.csproj", "{F7B61D4E-80BA-4AF5-87AF-A42587CA91ED}"
EndProject
Project("{9A19103F-16F7-4668-BE54-9A1E7A4F7556}") = "Connect 4", "Games\Connect 4\Connect 4.csproj", "{E7F4C071-4045-4D2A-B9B1-6BBD5EEDBA5E}"
EndProject
Project("{FAE04EC0-301F-11D3-BF4B-00C04F79EFBC}") = "Guitar Hero", "Games\Guitar Hero\Guitar Hero.csproj", "{D14EDC84-BC67-46BE-A685-FCF08E92E5FC}"
EndProject
Global
	GlobalSection(SolutionConfigurationPlatforms) = preSolution
		Debug|Any CPU = Debug|Any CPU
		Release|Any CPU = Release|Any CPU
	EndGlobalSection
	GlobalSection(ProjectConfigurationPlatforms) = postSolution
		{40CE2872-89FE-4754-AB31-D8FAC79F5F0E}.Debug|Any CPU.ActiveCfg = Debug|Any CPU
		{40CE2872-89FE-4754-AB31-D8FAC79F5F0E}.Debug|Any CPU.Build.0 = Debug|Any CPU
		{40CE2872-89FE-4754-AB31-D8FAC79F5F0E}.Release|Any CPU.ActiveCfg = Release|Any CPU
		{40CE2872-89FE-4754-AB31-D8FAC79F5F0E}.Release|Any CPU.Build.0 = Release|Any CPU
		{FDD78E7E-FBBC-40A5-BB94-2B987BF4C104}.Debug|Any CPU.ActiveCfg = Debug|Any CPU
		{FDD78E7E-FBBC-40A5-BB94-2B987BF4C104}.Debug|Any CPU.Build.0 = Debug|Any CPU
		{FDD78E7E-FBBC-40A5-BB94-2B987BF4C104}.Release|Any CPU.ActiveCfg = Release|Any CPU
		{FDD78E7E-FBBC-40A5-BB94-2B987BF4C104}.Release|Any CPU.Build.0 = Release|Any CPU
		{E44048F2-C062-4461-B768-5698FDBF21A8}.Debug|Any CPU.ActiveCfg = Debug|Any CPU
		{E44048F2-C062-4461-B768-5698FDBF21A8}.Debug|Any CPU.Build.0 = Debug|Any CPU
		{E44048F2-C062-4461-B768-5698FDBF21A8}.Release|Any CPU.ActiveCfg = Release|Any CPU
		{E44048F2-C062-4461-B768-5698FDBF21A8}.Release|Any CPU.Build.0 = Release|Any CPU
		{34C255B9-D958-4C3F-AE3E-0CA9AF7C6840}.Debug|Any CPU.ActiveCfg = Debug|Any CPU
		{34C255B9-D958-4C3F-AE3E-0CA9AF7C6840}.Debug|Any CPU.Build.0 = Debug|Any CPU
		{34C255B9-D958-4C3F-AE3E-0CA9AF7C6840}.Release|Any CPU.ActiveCfg = Release|Any CPU
		{34C255B9-D958-4C3F-AE3E-0CA9AF7C6840}.Release|Any CPU.Build.0 = Release|Any CPU
		{0E392635-4EFA-435E-A708-DDEB6AA3888D}.Debug|Any CPU.ActiveCfg = Debug|Any CPU
		{0E392635-4EFA-435E-A708-DDEB6AA3888D}.Debug|Any CPU.Build.0 = Debug|Any CPU
		{0E392635-4EFA-435E-A708-DDEB6AA3888D}.Release|Any CPU.ActiveCfg = Release|Any CPU
		{0E392635-4EFA-435E-A708-DDEB6AA3888D}.Release|Any CPU.Build.0 = Release|Any CPU
		{5CDB682A-C04A-4D64-A7EA-77873884AC58}.Debug|Any CPU.ActiveCfg = Debug|Any CPU
		{5CDB682A-C04A-4D64-A7EA-77873884AC58}.Debug|Any CPU.Build.0 = Debug|Any CPU
		{5CDB682A-C04A-4D64-A7EA-77873884AC58}.Release|Any CPU.ActiveCfg = Release|Any CPU
		{5CDB682A-C04A-4D64-A7EA-77873884AC58}.Release|Any CPU.Build.0 = Release|Any CPU
		{E9F50EA3-00AA-4977-9716-F64BDF0F47ED}.Debug|Any CPU.ActiveCfg = Debug|Any CPU
		{E9F50EA3-00AA-4977-9716-F64BDF0F47ED}.Debug|Any CPU.Build.0 = Debug|Any CPU
		{E9F50EA3-00AA-4977-9716-F64BDF0F47ED}.Release|Any CPU.ActiveCfg = Release|Any CPU
		{E9F50EA3-00AA-4977-9716-F64BDF0F47ED}.Release|Any CPU.Build.0 = Release|Any CPU
		{F77DEE99-4B5B-4CD1-9F6E-7B21FDC6D4CB}.Debug|Any CPU.ActiveCfg = Debug|Any CPU
		{F77DEE99-4B5B-4CD1-9F6E-7B21FDC6D4CB}.Debug|Any CPU.Build.0 = Debug|Any CPU
		{F77DEE99-4B5B-4CD1-9F6E-7B21FDC6D4CB}.Release|Any CPU.ActiveCfg = Release|Any CPU
		{F77DEE99-4B5B-4CD1-9F6E-7B21FDC6D4CB}.Release|Any CPU.Build.0 = Release|Any CPU
		{F7B61D4E-80BA-4AF5-87AF-A42587CA91ED}.Debug|Any CPU.ActiveCfg = Debug|Any CPU
		{F7B61D4E-80BA-4AF5-87AF-A42587CA91ED}.Debug|Any CPU.Build.0 = Debug|Any CPU
		{F7B61D4E-80BA-4AF5-87AF-A42587CA91ED}.Release|Any CPU.ActiveCfg = Release|Any CPU
		{F7B61D4E-80BA-4AF5-87AF-A42587CA91ED}.Release|Any CPU.Build.0 = Release|Any CPU
		{E7F4C071-4045-4D2A-B9B1-6BBD5EEDBA5E}.Debug|Any CPU.ActiveCfg = Debug|Any CPU
		{E7F4C071-4045-4D2A-B9B1-6BBD5EEDBA5E}.Debug|Any CPU.Build.0 = Debug|Any CPU
		{E7F4C071-4045-4D2A-B9B1-6BBD5EEDBA5E}.Release|Any CPU.ActiveCfg = Release|Any CPU
		{E7F4C071-4045-4D2A-B9B1-6BBD5EEDBA5E}.Release|Any CPU.Build.0 = Release|Any CPU
		{D14EDC84-BC67-46BE-A685-FCF08E92E5FC}.Debug|Any CPU.ActiveCfg = Debug|Any CPU
		{D14EDC84-BC67-46BE-A685-FCF08E92E5FC}.Debug|Any CPU.Build.0 = Debug|Any CPU
		{D14EDC84-BC67-46BE-A685-FCF08E92E5FC}.Release|Any CPU.ActiveCfg = Release|Any CPU
		{D14EDC84-BC67-46BE-A685-FCF08E92E5FC}.Release|Any CPU.Build.0 = Release|Any CPU
	EndGlobalSection
	GlobalSection(SolutionProperties) = preSolution
		HideSolutionNode = FALSE
	EndGlobalSection
	GlobalSection(ExtensibilityGlobals) = postSolution
		SolutionGuid = {4CB8507F-1A22-4EDD-98A1-A1E81F6C4C78}
	EndGlobalSection
EndGlobal
